{
  "nodes": {
    "nixpkgs": {
      "locked": {
        "lastModified": 1731093471,
        "narHash": "sha256-uuJNIBfr+7aOfDHNu4dWVPc7eWBAiCKJkpbjKV4OEb8=",
        "owner": "NixOS",
        "repo": "nixpkgs",
        "rev": "f8c05a483c77538ab945d0bc40d9995543f1466c",
        "type": "github"
      },
      "original": {
        "id": "nixpkgs",
        "rev": "f8c05a483c77538ab945d0bc40d9995543f1466c",
        "type": "indirect"
      }
    },
    "root": {
      "inputs": {
        "nixpkgs": "nixpkgs"
      }
    }
  },
  "root": "root",
  "version": 7
}
