{
  "nodes": {
    "nixos-hardware": {
      "locked": {
        "lastModified": 1719552654,
        "narHash": "sha256-PX3msbC5KdwCDnucGtir3qzlzv+1fuiU4tk17nljFIE=",
        "owner": "NixOS",
        "repo": "nixos-hardware",
        "rev": "3980e7816c99d9e4da7a7b762e5b294055b73b2f",
        "type": "github"
      },
      "original": {
        "owner": "NixOS",
        "repo": "nixos-hardware",
        "rev": "3980e7816c99d9e4da7a7b762e5b294055b73b2f",
        "type": "github"
      }
    },
    "nixpkgs": {
      "locked": {
        "lastModified": 1720823163,
        "narHash": "sha256-FZ5dnrvKkln9ESdoTR8R7GKW9rNpXNZrxGsOXsbsTpE=",
        "owner": "NixOS",
        "repo": "nixpkgs",
        "rev": "f12ee5f64c6a09995e71c9626d88c4efa983b488",
        "type": "github"
      },
      "original": {
        "id": "nixpkgs",
        "rev": "f12ee5f64c6a09995e71c9626d88c4efa983b488",
        "type": "indirect"
      }
    },
    "root": {
      "inputs": {
        "nixos-hardware": "nixos-hardware",
        "nixpkgs": "nixpkgs"
      }
    }
  },
  "root": "root",
  "version": 7
}
